// !$*UTF8*$!
{
	archiveVersion = 1;
	classes = {
	};
	objectVersion = 50;
	objects = {

/* Begin PBXBuildFile section */
		6F88ED6024764FFB008C5265 /* FilterBarCollectionViewController.swift in Sources */ = {isa = PBXBuildFile; fileRef = 6F88ED5F24764FFB008C5265 /* FilterBarCollectionViewController.swift */; };
		6F88ED63247653CB008C5265 /* UIView+ConstraintLayout.swift in Sources */ = {isa = PBXBuildFile; fileRef = 6F88ED62247653CB008C5265 /* UIView+ConstraintLayout.swift */; };
		6F88ED65247654C9008C5265 /* FilterBarCollectionViewCell.swift in Sources */ = {isa = PBXBuildFile; fileRef = 6F88ED64247654C9008C5265 /* FilterBarCollectionViewCell.swift */; };
		6F88ED6724765A47008C5265 /* FoodieController.swift in Sources */ = {isa = PBXBuildFile; fileRef = 6F88ED6624765A47008C5265 /* FoodieController.swift */; };
		6FBD31322475E67F007E008F /* AppDelegate.swift in Sources */ = {isa = PBXBuildFile; fileRef = 6FBD31312475E67F007E008F /* AppDelegate.swift */; };
		6FBD31342475E67F007E008F /* SceneDelegate.swift in Sources */ = {isa = PBXBuildFile; fileRef = 6FBD31332475E67F007E008F /* SceneDelegate.swift */; };
		6FBD31362475E67F007E008F /* FoodieViewController.swift in Sources */ = {isa = PBXBuildFile; fileRef = 6FBD31352475E67F007E008F /* FoodieViewController.swift */; };
		6FBD313B2475E682007E008F /* Assets.xcassets in Resources */ = {isa = PBXBuildFile; fileRef = 6FBD313A2475E682007E008F /* Assets.xcassets */; };
		6FBD313E2475E682007E008F /* LaunchScreen.storyboard in Resources */ = {isa = PBXBuildFile; fileRef = 6FBD313C2475E682007E008F /* LaunchScreen.storyboard */; };
/* End PBXBuildFile section */

/* Begin PBXFileReference section */
		6F88ED5F24764FFB008C5265 /* FilterBarCollectionViewController.swift */ = {isa = PBXFileReference; lastKnownFileType = sourcecode.swift; path = FilterBarCollectionViewController.swift; sourceTree = "<group>"; };
		6F88ED62247653CB008C5265 /* UIView+ConstraintLayout.swift */ = {isa = PBXFileReference; fileEncoding = 4; lastKnownFileType = sourcecode.swift; path = "UIView+ConstraintLayout.swift"; sourceTree = "<group>"; };
		6F88ED64247654C9008C5265 /* FilterBarCollectionViewCell.swift */ = {isa = PBXFileReference; lastKnownFileType = sourcecode.swift; path = FilterBarCollectionViewCell.swift; sourceTree = "<group>"; };
		6F88ED6624765A47008C5265 /* FoodieController.swift */ = {isa = PBXFileReference; lastKnownFileType = sourcecode.swift; path = FoodieController.swift; sourceTree = "<group>"; };
		6FBD312E2475E67F007E008F /* Foodie.app */ = {isa = PBXFileReference; explicitFileType = wrapper.application; includeInIndex = 0; path = Foodie.app; sourceTree = BUILT_PRODUCTS_DIR; };
		6FBD31312475E67F007E008F /* AppDelegate.swift */ = {isa = PBXFileReference; lastKnownFileType = sourcecode.swift; path = AppDelegate.swift; sourceTree = "<group>"; };
		6FBD31332475E67F007E008F /* SceneDelegate.swift */ = {isa = PBXFileReference; lastKnownFileType = sourcecode.swift; path = SceneDelegate.swift; sourceTree = "<group>"; };
		6FBD31352475E67F007E008F /* FoodieViewController.swift */ = {isa = PBXFileReference; lastKnownFileType = sourcecode.swift; path = FoodieViewController.swift; sourceTree = "<group>"; };
		6FBD313A2475E682007E008F /* Assets.xcassets */ = {isa = PBXFileReference; lastKnownFileType = folder.assetcatalog; path = Assets.xcassets; sourceTree = "<group>"; };
		6FBD313D2475E682007E008F /* Base */ = {isa = PBXFileReference; lastKnownFileType = file.storyboard; name = Base; path = Base.lproj/LaunchScreen.storyboard; sourceTree = "<group>"; };
		6FBD313F2475E682007E008F /* Info.plist */ = {isa = PBXFileReference; lastKnownFileType = text.plist.xml; path = Info.plist; sourceTree = "<group>"; };
/* End PBXFileReference section */

/* Begin PBXFrameworksBuildPhase section */
		6FBD312B2475E67F007E008F /* Frameworks */ = {
			isa = PBXFrameworksBuildPhase;
			buildActionMask = 2147483647;
			files = (
			);
			runOnlyForDeploymentPostprocessing = 0;
		};
/* End PBXFrameworksBuildPhase section */

/* Begin PBXGroup section */
		6F88ED61247651CF008C5265 /* Utils */ = {
			isa = PBXGroup;
			children = (
				6F88ED62247653CB008C5265 /* UIView+ConstraintLayout.swift */,
			);
			path = Utils;
			sourceTree = "<group>";
		};
		6FBD31252475E67F007E008F = {
			isa = PBXGroup;
			children = (
				6FBD31302475E67F007E008F /* Foodie */,
				6FBD312F2475E67F007E008F /* Products */,
			);
			sourceTree = "<group>";
		};
		6FBD312F2475E67F007E008F /* Products */ = {
			isa = PBXGroup;
			children = (
				6FBD312E2475E67F007E008F /* Foodie.app */,
			);
			name = Products;
			sourceTree = "<group>";
		};
		6FBD31302475E67F007E008F /* Foodie */ = {
			isa = PBXGroup;
			children = (
				6F88ED61247651CF008C5265 /* Utils */,
				6FBD31482475E708007E008F /* Models */,
				6FBD31472475E700007E008F /* Views */,
				6FBD31462475E6EF007E008F /* Controllers */,
				6FBD31452475E6DA007E008F /* Supporting Files */,
				6FBD313F2475E682007E008F /* Info.plist */,
			);
			path = Foodie;
			sourceTree = "<group>";
		};
		6FBD31452475E6DA007E008F /* Supporting Files */ = {
			isa = PBXGroup;
			children = (
				6FBD31312475E67F007E008F /* AppDelegate.swift */,
				6FBD31332475E67F007E008F /* SceneDelegate.swift */,
				6FBD313A2475E682007E008F /* Assets.xcassets */,
				6FBD313C2475E682007E008F /* LaunchScreen.storyboard */,
			);
			path = "Supporting Files";
			sourceTree = "<group>";
		};
		6FBD31462475E6EF007E008F /* Controllers */ = {
			isa = PBXGroup;
			children = (
				6F88ED6624765A47008C5265 /* FoodieController.swift */,
				6FBD31352475E67F007E008F /* FoodieViewController.swift */,
				6F88ED5F24764FFB008C5265 /* FilterBarCollectionViewController.swift */,
			);
			path = Controllers;
			sourceTree = "<group>";
		};
		6FBD31472475E700007E008F /* Views */ = {
			isa = PBXGroup;
			children = (
				6F88ED64247654C9008C5265 /* FilterBarCollectionViewCell.swift */,
			);
			path = Views;
			sourceTree = "<group>";
		};
		6FBD31482475E708007E008F /* Models */ = {
			isa = PBXGroup;
			children = (
			);
			path = Models;
			sourceTree = "<group>";
		};
/* End PBXGroup section */

/* Begin PBXNativeTarget section */
		6FBD312D2475E67F007E008F /* Foodie */ = {
			isa = PBXNativeTarget;
			buildConfigurationList = 6FBD31422475E682007E008F /* Build configuration list for PBXNativeTarget "Foodie" */;
			buildPhases = (
				6FBD312A2475E67F007E008F /* Sources */,
				6FBD312B2475E67F007E008F /* Frameworks */,
				6FBD312C2475E67F007E008F /* Resources */,
			);
			buildRules = (
			);
			dependencies = (
			);
			name = Foodie;
			productName = Foodie;
			productReference = 6FBD312E2475E67F007E008F /* Foodie.app */;
			productType = "com.apple.product-type.application";
		};
/* End PBXNativeTarget section */

/* Begin PBXProject section */
		6FBD31262475E67F007E008F /* Project object */ = {
			isa = PBXProject;
			attributes = {
				LastSwiftUpdateCheck = 1140;
				LastUpgradeCheck = 1140;
				ORGANIZATIONNAME = CICCC;
				TargetAttributes = {
					6FBD312D2475E67F007E008F = {
						CreatedOnToolsVersion = 11.4.1;
					};
				};
			};
			buildConfigurationList = 6FBD31292475E67F007E008F /* Build configuration list for PBXProject "Foodie" */;
			compatibilityVersion = "Xcode 9.3";
			developmentRegion = en;
			hasScannedForEncodings = 0;
			knownRegions = (
				en,
				Base,
			);
			mainGroup = 6FBD31252475E67F007E008F;
			productRefGroup = 6FBD312F2475E67F007E008F /* Products */;
			projectDirPath = "";
			projectRoot = "";
			targets = (
				6FBD312D2475E67F007E008F /* Foodie */,
			);
		};
/* End PBXProject section */

/* Begin PBXResourcesBuildPhase section */
		6FBD312C2475E67F007E008F /* Resources */ = {
			isa = PBXResourcesBuildPhase;
			buildActionMask = 2147483647;
			files = (
				6FBD313E2475E682007E008F /* LaunchScreen.storyboard in Resources */,
				6FBD313B2475E682007E008F /* Assets.xcassets in Resources */,
			);
			runOnlyForDeploymentPostprocessing = 0;
		};
/* End PBXResourcesBuildPhase section */

/* Begin PBXSourcesBuildPhase section */
		6FBD312A2475E67F007E008F /* Sources */ = {
			isa = PBXSourcesBuildPhase;
			buildActionMask = 2147483647;
			files = (
				6FBD31362475E67F007E008F /* FoodieViewController.swift in Sources */,
				6FBD31322475E67F007E008F /* AppDelegate.swift in Sources */,
				6F88ED65247654C9008C5265 /* FilterBarCollectionViewCell.swift in Sources */,
				6F88ED6724765A47008C5265 /* FoodieController.swift in Sources */,
				6F88ED63247653CB008C5265 /* UIView+ConstraintLayout.swift in Sources */,
				6F88ED6024764FFB008C5265 /* FilterBarCollectionViewController.swift in Sources */,
				6FBD31342475E67F007E008F /* SceneDelegate.swift in Sources */,
			);
			runOnlyForDeploymentPostprocessing = 0;
		};
/* End PBXSourcesBuildPhase section */

/* Begin PBXVariantGroup section */
		6FBD313C2475E682007E008F /* LaunchScreen.storyboard */ = {
			isa = PBXVariantGroup;
			children = (
				6FBD313D2475E682007E008F /* Base */,
			);
			name = LaunchScreen.storyboard;
			sourceTree = "<group>";
		};
/* End PBXVariantGroup section */

/* Begin XCBuildConfiguration section */
		6FBD31402475E682007E008F /* Debug */ = {
			isa = XCBuildConfiguration;
			buildSettings = {
				ALWAYS_SEARCH_USER_PATHS = NO;
				CLANG_ANALYZER_NONNULL = YES;
				CLANG_ANALYZER_NUMBER_OBJECT_CONVERSION = YES_AGGRESSIVE;
				CLANG_CXX_LANGUAGE_STANDARD = "gnu++14";
				CLANG_CXX_LIBRARY = "libc++";
				CLANG_ENABLE_MODULES = YES;
				CLANG_ENABLE_OBJC_ARC = YES;
				CLANG_ENABLE_OBJC_WEAK = YES;
				CLANG_WARN_BLOCK_CAPTURE_AUTORELEASING = YES;
				CLANG_WARN_BOOL_CONVERSION = YES;
				CLANG_WARN_COMMA = YES;
				CLANG_WARN_CONSTANT_CONVERSION = YES;
				CLANG_WARN_DEPRECATED_OBJC_IMPLEMENTATIONS = YES;
				CLANG_WARN_DIRECT_OBJC_ISA_USAGE = YES_ERROR;
				CLANG_WARN_DOCUMENTATION_COMMENTS = YES;
				CLANG_WARN_EMPTY_BODY = YES;
				CLANG_WARN_ENUM_CONVERSION = YES;
				CLANG_WARN_INFINITE_RECURSION = YES;
				CLANG_WARN_INT_CONVERSION = YES;
				CLANG_WARN_NON_LITERAL_NULL_CONVERSION = YES;
				CLANG_WARN_OBJC_IMPLICIT_RETAIN_SELF = YES;
				CLANG_WARN_OBJC_LITERAL_CONVERSION = YES;
				CLANG_WARN_OBJC_ROOT_CLASS = YES_ERROR;
				CLANG_WARN_RANGE_LOOP_ANALYSIS = YES;
				CLANG_WARN_STRICT_PROTOTYPES = YES;
				CLANG_WARN_SUSPICIOUS_MOVE = YES;
				CLANG_WARN_UNGUARDED_AVAILABILITY = YES_AGGRESSIVE;
				CLANG_WARN_UNREACHABLE_CODE = YES;
				CLANG_WARN__DUPLICATE_METHOD_MATCH = YES;
				COPY_PHASE_STRIP = NO;
				DEBUG_INFORMATION_FORMAT = dwarf;
				ENABLE_STRICT_OBJC_MSGSEND = YES;
				ENABLE_TESTABILITY = YES;
				GCC_C_LANGUAGE_STANDARD = gnu11;
				GCC_DYNAMIC_NO_PIC = NO;
				GCC_NO_COMMON_BLOCKS = YES;
				GCC_OPTIMIZATION_LEVEL = 0;
				GCC_PREPROCESSOR_DEFINITIONS = (
					"DEBUG=1",
					"$(inherited)",
				);
				GCC_WARN_64_TO_32_BIT_CONVERSION = YES;
				GCC_WARN_ABOUT_RETURN_TYPE = YES_ERROR;
				GCC_WARN_UNDECLARED_SELECTOR = YES;
				GCC_WARN_UNINITIALIZED_AUTOS = YES_AGGRESSIVE;
				GCC_WARN_UNUSED_FUNCTION = YES;
				GCC_WARN_UNUSED_VARIABLE = YES;
				IPHONEOS_DEPLOYMENT_TARGET = 13.4;
				MTL_ENABLE_DEBUG_INFO = INCLUDE_SOURCE;
				MTL_FAST_MATH = YES;
				ONLY_ACTIVE_ARCH = YES;
				SDKROOT = iphoneos;
				SWIFT_ACTIVE_COMPILATION_CONDITIONS = DEBUG;
				SWIFT_OPTIMIZATION_LEVEL = "-Onone";
			};
			name = Debug;
		};
		6FBD31412475E682007E008F /* Release */ = {
			isa = XCBuildConfiguration;
			buildSettings = {
				ALWAYS_SEARCH_USER_PATHS = NO;
				CLANG_ANALYZER_NONNULL = YES;
				CLANG_ANALYZER_NUMBER_OBJECT_CONVERSION = YES_AGGRESSIVE;
				CLANG_CXX_LANGUAGE_STANDARD = "gnu++14";
				CLANG_CXX_LIBRARY = "libc++";
				CLANG_ENABLE_MODULES = YES;
				CLANG_ENABLE_OBJC_ARC = YES;
				CLANG_ENABLE_OBJC_WEAK = YES;
				CLANG_WARN_BLOCK_CAPTURE_AUTORELEASING = YES;
				CLANG_WARN_BOOL_CONVERSION = YES;
				CLANG_WARN_COMMA = YES;
				CLANG_WARN_CONSTANT_CONVERSION = YES;
				CLANG_WARN_DEPRECATED_OBJC_IMPLEMENTATIONS = YES;
				CLANG_WARN_DIRECT_OBJC_ISA_USAGE = YES_ERROR;
				CLANG_WARN_DOCUMENTATION_COMMENTS = YES;
				CLANG_WARN_EMPTY_BODY = YES;
				CLANG_WARN_ENUM_CONVERSION = YES;
				CLANG_WARN_INFINITE_RECURSION = YES;
				CLANG_WARN_INT_CONVERSION = YES;
				CLANG_WARN_NON_LITERAL_NULL_CONVERSION = YES;
				CLANG_WARN_OBJC_IMPLICIT_RETAIN_SELF = YES;
				CLANG_WARN_OBJC_LITERAL_CONVERSION = YES;
				CLANG_WARN_OBJC_ROOT_CLASS = YES_ERROR;
				CLANG_WARN_RANGE_LOOP_ANALYSIS = YES;
				CLANG_WARN_STRICT_PROTOTYPES = YES;
				CLANG_WARN_SUSPICIOUS_MOVE = YES;
				CLANG_WARN_UNGUARDED_AVAILABILITY = YES_AGGRESSIVE;
				CLANG_WARN_UNREACHABLE_CODE = YES;
				CLANG_WARN__DUPLICATE_METHOD_MATCH = YES;
				COPY_PHASE_STRIP = NO;
				DEBUG_INFORMATION_FORMAT = "dwarf-with-dsym";
				ENABLE_NS_ASSERTIONS = NO;
				ENABLE_STRICT_OBJC_MSGSEND = YES;
				GCC_C_LANGUAGE_STANDARD = gnu11;
				GCC_NO_COMMON_BLOCKS = YES;
				GCC_WARN_64_TO_32_BIT_CONVERSION = YES;
				GCC_WARN_ABOUT_RETURN_TYPE = YES_ERROR;
				GCC_WARN_UNDECLARED_SELECTOR = YES;
				GCC_WARN_UNINITIALIZED_AUTOS = YES_AGGRESSIVE;
				GCC_WARN_UNUSED_FUNCTION = YES;
				GCC_WARN_UNUSED_VARIABLE = YES;
				IPHONEOS_DEPLOYMENT_TARGET = 13.4;
				MTL_ENABLE_DEBUG_INFO = NO;
				MTL_FAST_MATH = YES;
				SDKROOT = iphoneos;
				SWIFT_COMPILATION_MODE = wholemodule;
				SWIFT_OPTIMIZATION_LEVEL = "-O";
				VALIDATE_PRODUCT = YES;
			};
			name = Release;
		};
		6FBD31432475E682007E008F /* Debug */ = {
			isa = XCBuildConfiguration;
			buildSettings = {
				ASSETCATALOG_COMPILER_APPICON_NAME = AppIcon;
				CODE_SIGN_STYLE = Automatic;
				DEVELOPMENT_TEAM = U2ZLLL9FT4;
				INFOPLIST_FILE = Foodie/Info.plist;
				LD_RUNPATH_SEARCH_PATHS = (
					"$(inherited)",
					"@executable_path/Frameworks",
				);
				PRODUCT_BUNDLE_IDENTIFIER = ca.ciccc.wmad.kaden.Foodie;
				PRODUCT_NAME = "$(TARGET_NAME)";
				SWIFT_VERSION = 5.0;
				TARGETED_DEVICE_FAMILY = "1,2";
			};
			name = Debug;
		};
		6FBD31442475E682007E008F /* Release */ = {
			isa = XCBuildConfiguration;
			buildSettings = {
				ASSETCATALOG_COMPILER_APPICON_NAME = AppIcon;
				CODE_SIGN_STYLE = Automatic;
				DEVELOPMENT_TEAM = U2ZLLL9FT4;
				INFOPLIST_FILE = Foodie/Info.plist;
				LD_RUNPATH_SEARCH_PATHS = (
					"$(inherited)",
					"@executable_path/Frameworks",
				);
				PRODUCT_BUNDLE_IDENTIFIER = ca.ciccc.wmad.kaden.Foodie;
				PRODUCT_NAME = "$(TARGET_NAME)";
				SWIFT_VERSION = 5.0;
				TARGETED_DEVICE_FAMILY = "1,2";
			};
			name = Release;
		};
/* End XCBuildConfiguration section */

/* Begin XCConfigurationList section */
		6FBD31292475E67F007E008F /* Build configuration list for PBXProject "Foodie" */ = {
			isa = XCConfigurationList;
			buildConfigurations = (
				6FBD31402475E682007E008F /* Debug */,
				6FBD31412475E682007E008F /* Release */,
			);
			defaultConfigurationIsVisible = 0;
			defaultConfigurationName = Release;
		};
		6FBD31422475E682007E008F /* Build configuration list for PBXNativeTarget "Foodie" */ = {
			isa = XCConfigurationList;
			buildConfigurations = (
				6FBD31432475E682007E008F /* Debug */,
				6FBD31442475E682007E008F /* Release */,
			);
			defaultConfigurationIsVisible = 0;
			defaultConfigurationName = Release;
		};
/* End XCConfigurationList section */
	};
	rootObject = 6FBD31262475E67F007E008F /* Project object */;
}
