// !$*UTF8*$!
{
	archiveVersion = 1;
	classes = {
	};
	objectVersion = 50;
	objects = {

/* Begin PBXBuildFile section */
		6F3067B22450EE06002C82CC /* GoViewController.swift in Sources */ = {isa = PBXBuildFile; fileRef = 6F3067B12450EE06002C82CC /* GoViewController.swift */; };
		6F3067B42450F151002C82CC /* UIView+Constraints.swift in Sources */ = {isa = PBXBuildFile; fileRef = 6F3067B32450F151002C82CC /* UIView+Constraints.swift */; };
		6FBE88ED2450DFEC006E80FA /* AppDelegate.swift in Sources */ = {isa = PBXBuildFile; fileRef = 6FBE88EC2450DFEC006E80FA /* AppDelegate.swift */; };
		6FBE88EF2450DFEC006E80FA /* SceneDelegate.swift in Sources */ = {isa = PBXBuildFile; fileRef = 6FBE88EE2450DFEC006E80FA /* SceneDelegate.swift */; };
		6FBE88F12450DFEC006E80FA /* ViewController.swift in Sources */ = {isa = PBXBuildFile; fileRef = 6FBE88F02450DFEC006E80FA /* ViewController.swift */; };
		6FBE88F42450DFEC006E80FA /* Main.storyboard in Resources */ = {isa = PBXBuildFile; fileRef = 6FBE88F22450DFEC006E80FA /* Main.storyboard */; };
		6FBE88F62450DFEF006E80FA /* Assets.xcassets in Resources */ = {isa = PBXBuildFile; fileRef = 6FBE88F52450DFEF006E80FA /* Assets.xcassets */; };
		6FBE88F92450DFEF006E80FA /* LaunchScreen.storyboard in Resources */ = {isa = PBXBuildFile; fileRef = 6FBE88F72450DFEF006E80FA /* LaunchScreen.storyboard */; };
		6FBE89012450E656006E80FA /* GreenViewController.swift in Sources */ = {isa = PBXBuildFile; fileRef = 6FBE89002450E656006E80FA /* GreenViewController.swift */; };
		6FBE89032450E67E006E80FA /* BlueViewController.swift in Sources */ = {isa = PBXBuildFile; fileRef = 6FBE89022450E67E006E80FA /* BlueViewController.swift */; };
		6FBE89052450E9D6006E80FA /* CenterButton.swift in Sources */ = {isa = PBXBuildFile; fileRef = 6FBE89042450E9D6006E80FA /* CenterButton.swift */; };
/* End PBXBuildFile section */

/* Begin PBXFileReference section */
		6F3067B12450EE06002C82CC /* GoViewController.swift */ = {isa = PBXFileReference; lastKnownFileType = sourcecode.swift; path = GoViewController.swift; sourceTree = "<group>"; };
		6F3067B32450F151002C82CC /* UIView+Constraints.swift */ = {isa = PBXFileReference; lastKnownFileType = sourcecode.swift; path = "UIView+Constraints.swift"; sourceTree = "<group>"; };
		6FBE88E92450DFEC006E80FA /* RainbowTabs.app */ = {isa = PBXFileReference; explicitFileType = wrapper.application; includeInIndex = 0; path = RainbowTabs.app; sourceTree = BUILT_PRODUCTS_DIR; };
		6FBE88EC2450DFEC006E80FA /* AppDelegate.swift */ = {isa = PBXFileReference; lastKnownFileType = sourcecode.swift; path = AppDelegate.swift; sourceTree = "<group>"; };
		6FBE88EE2450DFEC006E80FA /* SceneDelegate.swift */ = {isa = PBXFileReference; lastKnownFileType = sourcecode.swift; path = SceneDelegate.swift; sourceTree = "<group>"; };
		6FBE88F02450DFEC006E80FA /* ViewController.swift */ = {isa = PBXFileReference; lastKnownFileType = sourcecode.swift; path = ViewController.swift; sourceTree = "<group>"; };
		6FBE88F32450DFEC006E80FA /* Base */ = {isa = PBXFileReference; lastKnownFileType = file.storyboard; name = Base; path = Base.lproj/Main.storyboard; sourceTree = "<group>"; };
		6FBE88F52450DFEF006E80FA /* Assets.xcassets */ = {isa = PBXFileReference; lastKnownFileType = folder.assetcatalog; path = Assets.xcassets; sourceTree = "<group>"; };
		6FBE88F82450DFEF006E80FA /* Base */ = {isa = PBXFileReference; lastKnownFileType = file.storyboard; name = Base; path = Base.lproj/LaunchScreen.storyboard; sourceTree = "<group>"; };
		6FBE88FA2450DFEF006E80FA /* Info.plist */ = {isa = PBXFileReference; lastKnownFileType = text.plist.xml; path = Info.plist; sourceTree = "<group>"; };
		6FBE89002450E656006E80FA /* GreenViewController.swift */ = {isa = PBXFileReference; lastKnownFileType = sourcecode.swift; path = GreenViewController.swift; sourceTree = "<group>"; };
		6FBE89022450E67E006E80FA /* BlueViewController.swift */ = {isa = PBXFileReference; lastKnownFileType = sourcecode.swift; path = BlueViewController.swift; sourceTree = "<group>"; };
		6FBE89042450E9D6006E80FA /* CenterButton.swift */ = {isa = PBXFileReference; lastKnownFileType = sourcecode.swift; path = CenterButton.swift; sourceTree = "<group>"; };
/* End PBXFileReference section */

/* Begin PBXFrameworksBuildPhase section */
		6FBE88E62450DFEC006E80FA /* Frameworks */ = {
			isa = PBXFrameworksBuildPhase;
			buildActionMask = 2147483647;
			files = (
			);
			runOnlyForDeploymentPostprocessing = 0;
		};
/* End PBXFrameworksBuildPhase section */

/* Begin PBXGroup section */
		6FBE88E02450DFEC006E80FA = {
			isa = PBXGroup;
			children = (
				6FBE88EB2450DFEC006E80FA /* RainbowTabs */,
				6FBE88EA2450DFEC006E80FA /* Products */,
			);
			sourceTree = "<group>";
		};
		6FBE88EA2450DFEC006E80FA /* Products */ = {
			isa = PBXGroup;
			children = (
				6FBE88E92450DFEC006E80FA /* RainbowTabs.app */,
			);
			name = Products;
			sourceTree = "<group>";
		};
		6FBE88EB2450DFEC006E80FA /* RainbowTabs */ = {
			isa = PBXGroup;
			children = (
				6FBE88EC2450DFEC006E80FA /* AppDelegate.swift */,
				6FBE88EE2450DFEC006E80FA /* SceneDelegate.swift */,
				6FBE89002450E656006E80FA /* GreenViewController.swift */,
				6FBE89022450E67E006E80FA /* BlueViewController.swift */,
				6FBE88F02450DFEC006E80FA /* ViewController.swift */,
				6F3067B32450F151002C82CC /* UIView+Constraints.swift */,
				6F3067B12450EE06002C82CC /* GoViewController.swift */,
				6FBE89042450E9D6006E80FA /* CenterButton.swift */,
				6FBE88F22450DFEC006E80FA /* Main.storyboard */,
				6FBE88F52450DFEF006E80FA /* Assets.xcassets */,
				6FBE88F72450DFEF006E80FA /* LaunchScreen.storyboard */,
				6FBE88FA2450DFEF006E80FA /* Info.plist */,
			);
			path = RainbowTabs;
			sourceTree = "<group>";
		};
/* End PBXGroup section */

/* Begin PBXNativeTarget section */
		6FBE88E82450DFEC006E80FA /* RainbowTabs */ = {
			isa = PBXNativeTarget;
			buildConfigurationList = 6FBE88FD2450DFEF006E80FA /* Build configuration list for PBXNativeTarget "RainbowTabs" */;
			buildPhases = (
				6FBE88E52450DFEC006E80FA /* Sources */,
				6FBE88E62450DFEC006E80FA /* Frameworks */,
				6FBE88E72450DFEC006E80FA /* Resources */,
			);
			buildRules = (
			);
			dependencies = (
			);
			name = RainbowTabs;
			productName = RainbowTabs;
			productReference = 6FBE88E92450DFEC006E80FA /* RainbowTabs.app */;
			productType = "com.apple.product-type.application";
		};
/* End PBXNativeTarget section */

/* Begin PBXProject section */
		6FBE88E12450DFEC006E80FA /* Project object */ = {
			isa = PBXProject;
			attributes = {
				LastSwiftUpdateCheck = 1140;
				LastUpgradeCheck = 1140;
				ORGANIZATIONNAME = CICCC;
				TargetAttributes = {
					6FBE88E82450DFEC006E80FA = {
						CreatedOnToolsVersion = 11.4.1;
					};
				};
			};
			buildConfigurationList = 6FBE88E42450DFEC006E80FA /* Build configuration list for PBXProject "RainbowTabs" */;
			compatibilityVersion = "Xcode 9.3";
			developmentRegion = en;
			hasScannedForEncodings = 0;
			knownRegions = (
				en,
				Base,
			);
			mainGroup = 6FBE88E02450DFEC006E80FA;
			productRefGroup = 6FBE88EA2450DFEC006E80FA /* Products */;
			projectDirPath = "";
			projectRoot = "";
			targets = (
				6FBE88E82450DFEC006E80FA /* RainbowTabs */,
			);
		};
/* End PBXProject section */

/* Begin PBXResourcesBuildPhase section */
		6FBE88E72450DFEC006E80FA /* Resources */ = {
			isa = PBXResourcesBuildPhase;
			buildActionMask = 2147483647;
			files = (
				6FBE88F92450DFEF006E80FA /* LaunchScreen.storyboard in Resources */,
				6FBE88F62450DFEF006E80FA /* Assets.xcassets in Resources */,
				6FBE88F42450DFEC006E80FA /* Main.storyboard in Resources */,
			);
			runOnlyForDeploymentPostprocessing = 0;
		};
/* End PBXResourcesBuildPhase section */

/* Begin PBXSourcesBuildPhase section */
		6FBE88E52450DFEC006E80FA /* Sources */ = {
			isa = PBXSourcesBuildPhase;
			buildActionMask = 2147483647;
			files = (
				6FBE89012450E656006E80FA /* GreenViewController.swift in Sources */,
				6FBE88F12450DFEC006E80FA /* ViewController.swift in Sources */,
				6FBE89052450E9D6006E80FA /* CenterButton.swift in Sources */,
				6FBE88ED2450DFEC006E80FA /* AppDelegate.swift in Sources */,
				6FBE89032450E67E006E80FA /* BlueViewController.swift in Sources */,
				6FBE88EF2450DFEC006E80FA /* SceneDelegate.swift in Sources */,
				6F3067B22450EE06002C82CC /* GoViewController.swift in Sources */,
				6F3067B42450F151002C82CC /* UIView+Constraints.swift in Sources */,
			);
			runOnlyForDeploymentPostprocessing = 0;
		};
/* End PBXSourcesBuildPhase section */

/* Begin PBXVariantGroup section */
		6FBE88F22450DFEC006E80FA /* Main.storyboard */ = {
			isa = PBXVariantGroup;
			children = (
				6FBE88F32450DFEC006E80FA /* Base */,
			);
			name = Main.storyboard;
			sourceTree = "<group>";
		};
		6FBE88F72450DFEF006E80FA /* LaunchScreen.storyboard */ = {
			isa = PBXVariantGroup;
			children = (
				6FBE88F82450DFEF006E80FA /* Base */,
			);
			name = LaunchScreen.storyboard;
			sourceTree = "<group>";
		};
/* End PBXVariantGroup section */

/* Begin XCBuildConfiguration section */
		6FBE88FB2450DFEF006E80FA /* Debug */ = {
			isa = XCBuildConfiguration;
			buildSettings = {
				ALWAYS_SEARCH_USER_PATHS = NO;
				CLANG_ANALYZER_NONNULL = YES;
				CLANG_ANALYZER_NUMBER_OBJECT_CONVERSION = YES_AGGRESSIVE;
				CLANG_CXX_LANGUAGE_STANDARD = "gnu++14";
				CLANG_CXX_LIBRARY = "libc++";
				CLANG_ENABLE_MODULES = YES;
				CLANG_ENABLE_OBJC_ARC = YES;
				CLANG_ENABLE_OBJC_WEAK = YES;
				CLANG_WARN_BLOCK_CAPTURE_AUTORELEASING = YES;
				CLANG_WARN_BOOL_CONVERSION = YES;
				CLANG_WARN_COMMA = YES;
				CLANG_WARN_CONSTANT_CONVERSION = YES;
				CLANG_WARN_DEPRECATED_OBJC_IMPLEMENTATIONS = YES;
				CLANG_WARN_DIRECT_OBJC_ISA_USAGE = YES_ERROR;
				CLANG_WARN_DOCUMENTATION_COMMENTS = YES;
				CLANG_WARN_EMPTY_BODY = YES;
				CLANG_WARN_ENUM_CONVERSION = YES;
				CLANG_WARN_INFINITE_RECURSION = YES;
				CLANG_WARN_INT_CONVERSION = YES;
				CLANG_WARN_NON_LITERAL_NULL_CONVERSION = YES;
				CLANG_WARN_OBJC_IMPLICIT_RETAIN_SELF = YES;
				CLANG_WARN_OBJC_LITERAL_CONVERSION = YES;
				CLANG_WARN_OBJC_ROOT_CLASS = YES_ERROR;
				CLANG_WARN_RANGE_LOOP_ANALYSIS = YES;
				CLANG_WARN_STRICT_PROTOTYPES = YES;
				CLANG_WARN_SUSPICIOUS_MOVE = YES;
				CLANG_WARN_UNGUARDED_AVAILABILITY = YES_AGGRESSIVE;
				CLANG_WARN_UNREACHABLE_CODE = YES;
				CLANG_WARN__DUPLICATE_METHOD_MATCH = YES;
				COPY_PHASE_STRIP = NO;
				DEBUG_INFORMATION_FORMAT = dwarf;
				ENABLE_STRICT_OBJC_MSGSEND = YES;
				ENABLE_TESTABILITY = YES;
				GCC_C_LANGUAGE_STANDARD = gnu11;
				GCC_DYNAMIC_NO_PIC = NO;
				GCC_NO_COMMON_BLOCKS = YES;
				GCC_OPTIMIZATION_LEVEL = 0;
				GCC_PREPROCESSOR_DEFINITIONS = (
					"DEBUG=1",
					"$(inherited)",
				);
				GCC_WARN_64_TO_32_BIT_CONVERSION = YES;
				GCC_WARN_ABOUT_RETURN_TYPE = YES_ERROR;
				GCC_WARN_UNDECLARED_SELECTOR = YES;
				GCC_WARN_UNINITIALIZED_AUTOS = YES_AGGRESSIVE;
				GCC_WARN_UNUSED_FUNCTION = YES;
				GCC_WARN_UNUSED_VARIABLE = YES;
				IPHONEOS_DEPLOYMENT_TARGET = 13.4;
				MTL_ENABLE_DEBUG_INFO = INCLUDE_SOURCE;
				MTL_FAST_MATH = YES;
				ONLY_ACTIVE_ARCH = YES;
				SDKROOT = iphoneos;
				SWIFT_ACTIVE_COMPILATION_CONDITIONS = DEBUG;
				SWIFT_OPTIMIZATION_LEVEL = "-Onone";
			};
			name = Debug;
		};
		6FBE88FC2450DFEF006E80FA /* Release */ = {
			isa = XCBuildConfiguration;
			buildSettings = {
				ALWAYS_SEARCH_USER_PATHS = NO;
				CLANG_ANALYZER_NONNULL = YES;
				CLANG_ANALYZER_NUMBER_OBJECT_CONVERSION = YES_AGGRESSIVE;
				CLANG_CXX_LANGUAGE_STANDARD = "gnu++14";
				CLANG_CXX_LIBRARY = "libc++";
				CLANG_ENABLE_MODULES = YES;
				CLANG_ENABLE_OBJC_ARC = YES;
				CLANG_ENABLE_OBJC_WEAK = YES;
				CLANG_WARN_BLOCK_CAPTURE_AUTORELEASING = YES;
				CLANG_WARN_BOOL_CONVERSION = YES;
				CLANG_WARN_COMMA = YES;
				CLANG_WARN_CONSTANT_CONVERSION = YES;
				CLANG_WARN_DEPRECATED_OBJC_IMPLEMENTATIONS = YES;
				CLANG_WARN_DIRECT_OBJC_ISA_USAGE = YES_ERROR;
				CLANG_WARN_DOCUMENTATION_COMMENTS = YES;
				CLANG_WARN_EMPTY_BODY = YES;
				CLANG_WARN_ENUM_CONVERSION = YES;
				CLANG_WARN_INFINITE_RECURSION = YES;
				CLANG_WARN_INT_CONVERSION = YES;
				CLANG_WARN_NON_LITERAL_NULL_CONVERSION = YES;
				CLANG_WARN_OBJC_IMPLICIT_RETAIN_SELF = YES;
				CLANG_WARN_OBJC_LITERAL_CONVERSION = YES;
				CLANG_WARN_OBJC_ROOT_CLASS = YES_ERROR;
				CLANG_WARN_RANGE_LOOP_ANALYSIS = YES;
				CLANG_WARN_STRICT_PROTOTYPES = YES;
				CLANG_WARN_SUSPICIOUS_MOVE = YES;
				CLANG_WARN_UNGUARDED_AVAILABILITY = YES_AGGRESSIVE;
				CLANG_WARN_UNREACHABLE_CODE = YES;
				CLANG_WARN__DUPLICATE_METHOD_MATCH = YES;
				COPY_PHASE_STRIP = NO;
				DEBUG_INFORMATION_FORMAT = "dwarf-with-dsym";
				ENABLE_NS_ASSERTIONS = NO;
				ENABLE_STRICT_OBJC_MSGSEND = YES;
				GCC_C_LANGUAGE_STANDARD = gnu11;
				GCC_NO_COMMON_BLOCKS = YES;
				GCC_WARN_64_TO_32_BIT_CONVERSION = YES;
				GCC_WARN_ABOUT_RETURN_TYPE = YES_ERROR;
				GCC_WARN_UNDECLARED_SELECTOR = YES;
				GCC_WARN_UNINITIALIZED_AUTOS = YES_AGGRESSIVE;
				GCC_WARN_UNUSED_FUNCTION = YES;
				GCC_WARN_UNUSED_VARIABLE = YES;
				IPHONEOS_DEPLOYMENT_TARGET = 13.4;
				MTL_ENABLE_DEBUG_INFO = NO;
				MTL_FAST_MATH = YES;
				SDKROOT = iphoneos;
				SWIFT_COMPILATION_MODE = wholemodule;
				SWIFT_OPTIMIZATION_LEVEL = "-O";
				VALIDATE_PRODUCT = YES;
			};
			name = Release;
		};
		6FBE88FE2450DFEF006E80FA /* Debug */ = {
			isa = XCBuildConfiguration;
			buildSettings = {
				ASSETCATALOG_COMPILER_APPICON_NAME = AppIcon;
				CODE_SIGN_STYLE = Automatic;
				DEVELOPMENT_TEAM = U2ZLLL9FT4;
				INFOPLIST_FILE = RainbowTabs/Info.plist;
				LD_RUNPATH_SEARCH_PATHS = (
					"$(inherited)",
					"@executable_path/Frameworks",
				);
				PRODUCT_BUNDLE_IDENTIFIER = ca.ciccc.wmad.kaden.RainbowTabs;
				PRODUCT_NAME = "$(TARGET_NAME)";
				SWIFT_VERSION = 5.0;
				TARGETED_DEVICE_FAMILY = "1,2";
			};
			name = Debug;
		};
		6FBE88FF2450DFEF006E80FA /* Release */ = {
			isa = XCBuildConfiguration;
			buildSettings = {
				ASSETCATALOG_COMPILER_APPICON_NAME = AppIcon;
				CODE_SIGN_STYLE = Automatic;
				DEVELOPMENT_TEAM = U2ZLLL9FT4;
				INFOPLIST_FILE = RainbowTabs/Info.plist;
				LD_RUNPATH_SEARCH_PATHS = (
					"$(inherited)",
					"@executable_path/Frameworks",
				);
				PRODUCT_BUNDLE_IDENTIFIER = ca.ciccc.wmad.kaden.RainbowTabs;
				PRODUCT_NAME = "$(TARGET_NAME)";
				SWIFT_VERSION = 5.0;
				TARGETED_DEVICE_FAMILY = "1,2";
			};
			name = Release;
		};
/* End XCBuildConfiguration section */

/* Begin XCConfigurationList section */
		6FBE88E42450DFEC006E80FA /* Build configuration list for PBXProject "RainbowTabs" */ = {
			isa = XCConfigurationList;
			buildConfigurations = (
				6FBE88FB2450DFEF006E80FA /* Debug */,
				6FBE88FC2450DFEF006E80FA /* Release */,
			);
			defaultConfigurationIsVisible = 0;
			defaultConfigurationName = Release;
		};
		6FBE88FD2450DFEF006E80FA /* Build configuration list for PBXNativeTarget "RainbowTabs" */ = {
			isa = XCConfigurationList;
			buildConfigurations = (
				6FBE88FE2450DFEF006E80FA /* Debug */,
				6FBE88FF2450DFEF006E80FA /* Release */,
			);
			defaultConfigurationIsVisible = 0;
			defaultConfigurationName = Release;
		};
/* End XCConfigurationList section */
	};
	rootObject = 6FBE88E12450DFEC006E80FA /* Project object */;
}
